<?xml version="1.0" encoding="utf-8"?>
<Project ToolsVersion="4.0" xmlns="http://schemas.microsoft.com/developer/msbuild/2003">
  <ItemGroup>
    <Filter Include="Source">
      <UniqueIdentifier>{db7bbbdd-74fc-4ce8-ad6b-78a61d1ff598}</UniqueIdentifier>
    </Filter>
    <Filter Include="Source\Modules">
      <UniqueIdentifier>{65f3b4f8-af9f-4d27-a332-bf02cc2b6abb}</UniqueIdentifier>
    </Filter>
    <Filter Include="Source\WindowsPlayer">
      <UniqueIdentifier>{71a4dc94-a4cb-46ac-882a-853756778184}</UniqueIdentifier>
    </Filter>
    <Filter Include="Source\Graphics">
      <UniqueIdentifier>{a486f1ae-b5f4-40cc-a3ed-11290979acbf}</UniqueIdentifier>
    </Filter>
    <Filter Include="Source\Rendering">
      <UniqueIdentifier>{1c961c67-dd90-4b0a-9969-2ae593e98855}</UniqueIdentifier>
    </Filter>
    <Filter Include="Source\Rendering\UnlitRenderingLoop">
      <UniqueIdentifier>{0cb27dc6-e67d-42b7-949e-f176c08a2555}</UniqueIdentifier>
    </Filter>
    <Filter Include="Source\Views">
      <UniqueIdentifier>{af8287dc-e596-4367-82fb-d55f044a95e6}</UniqueIdentifier>
    </Filter>
    <Filter Include="Source\Foundation">
      <UniqueIdentifier>{322eea23-1dcd-4357-a2e9-58dca386d495}</UniqueIdentifier>
    </Filter>
    <Filter Include="Source\Windows">
      <UniqueIdentifier>{724f55fe-8a27-433c-864d-9c8eb5b001f5}</UniqueIdentifier>
    </Filter>
    <Filter Include="Source\Windows\Graphics">
      <UniqueIdentifier>{96b0d8ca-bca7-4689-b401-2beb8e2bee2e}</UniqueIdentifier>
    </Filter>
    <Filter Include="Source\Windows\Graphics\D12">
      <UniqueIdentifier>{b2900fe4-f61a-41a8-82df-8a9558f83050}</UniqueIdentifier>
    </Filter>
    <Filter Include="Source\Windows\Views">
      <UniqueIdentifier>{060aac22-eedd-4fb6-8060-7bef78fad9cc}</UniqueIdentifier>
    </Filter>
    <Filter Include="Source\Tools">
      <UniqueIdentifier>{bbe352c4-5290-4a60-9e14-bdaaa6e24b3b}</UniqueIdentifier>
    </Filter>
    <Filter Include="Source\Tools\Collections">
      <UniqueIdentifier>{2227842c-eb0c-4596-8a70-947d54742367}</UniqueIdentifier>
    </Filter>
    <Filter Include="Source\Tools\Math">
      <UniqueIdentifier>{f521024d-ab55-4b28-94d9-27093f39b827}</UniqueIdentifier>
    </Filter>
    <Filter Include="Source\Tools\Threading">
      <UniqueIdentifier>{057be305-8769-4490-a7d3-6fda33297ca0}</UniqueIdentifier>
    </Filter>
    <Filter Include="Source\Tools\IO">
      <UniqueIdentifier>{42c40ba2-fb6b-406d-8a1e-5742ff323acb}</UniqueIdentifier>
    </Filter>
  </ItemGroup>
  <ItemGroup>
    <ClCompile Include="..\..\..\Source\WindowsPlayer\Main.cpp">
      <Filter>Source\WindowsPlayer</Filter>
    </ClCompile>
    <ClCompile Include="..\..\..\Source\Modules\ModuleManager.cpp">
      <Filter>Source\Modules</Filter>
    </ClCompile>
    <ClCompile Include="..\..\..\Source\Modules\StaticModulePlanner.cpp">
      <Filter>Source\Modules</Filter>
    </ClCompile>
    <ClCompile Include="..\..\..\Source\Modules\ConcurrentModuleExecuter.cpp">
      <Filter>Source\Modules</Filter>
    </ClCompile>
    <ClCompile Include="..\..\..\Source\Modules\CmdModule.cpp">
      <Filter>Source\Modules</Filter>
    </ClCompile>
    <ClCompile Include="..\..\..\Source\Rendering\MeshModule.cpp">
      <Filter>Source\Rendering</Filter>
    </ClCompile>
    <ClCompile Include="..\..\..\Source\Rendering\ShaderModule.cpp">
      <Filter>Source\Rendering</Filter>
    </ClCompile>
    <ClCompile Include="..\..\..\Source\Rendering\SurfaceModule.cpp">
      <Filter>Source\Rendering</Filter>
    </ClCompile>
    <ClCompile Include="..\..\..\Source\Rendering\UnlitRenderingLoop\UnlitRenderingLoopModule.cpp">
      <Filter>Source\Rendering\UnlitRenderingLoop</Filter>
    </ClCompile>
    <ClCompile Include="..\..\..\Source\Rendering\MeshRendererModule.cpp">
      <Filter>Source\Rendering</Filter>
    </ClCompile>
    <ClCompile Include="..\..\..\Source\Rendering\ImageModule.cpp">
      <Filter>Source\Rendering</Filter>
    </ClCompile>
    <ClCompile Include="..\..\..\Source\Rendering\StorageModule.cpp">
      <Filter>Source\Rendering</Filter>
    </ClCompile>
    <ClCompile Include="..\..\..\Source\Rendering\CameraModule.cpp">
      <Filter>Source\Rendering</Filter>
    </ClCompile>
    <ClCompile Include="..\..\..\Source\Rendering\MaterialModule.cpp">
      <Filter>Source\Rendering</Filter>
    </ClCompile>
    <ClCompile Include="..\..\..\Source\Modules\CmdBufferPoolModule.cpp">
      <Filter>Source\Modules</Filter>
    </ClCompile>
    <ClCompile Include="..\..\..\Source\Rendering\SamplerModule.cpp">
      <Filter>Source\Rendering</Filter>
    </ClCompile>
    <ClCompile Include="..\..\..\Source\Foundation\TimeModule.cpp">
      <Filter>Source\Foundation</Filter>
    </ClCompile>
    <ClCompile Include="..\..\..\Source\Windows\Graphics\D12\D12CmdAllocatorPool.cpp">
      <Filter>Source\Windows\Graphics\D12</Filter>
    </ClCompile>
    <ClCompile Include="..\..\..\Source\Windows\Graphics\D12\D12CmdQueue.cpp">
      <Filter>Source\Windows\Graphics\D12</Filter>
    </ClCompile>
    <ClCompile Include="..\..\..\Source\Windows\Graphics\D12\D12GraphicsExecuterModule.cpp">
      <Filter>Source\Windows\Graphics\D12</Filter>
    </ClCompile>
    <ClCompile Include="..\..\..\Source\Windows\Graphics\D12\D12GraphicsModule.cpp">
      <Filter>Source\Windows\Graphics\D12</Filter>
    </ClCompile>
    <ClCompile Include="..\..\..\Source\Windows\Graphics\D12\D12GraphicsPlannerModule.cpp">
      <Filter>Source\Windows\Graphics\D12</Filter>
    </ClCompile>
    <ClCompile Include="..\..\..\Source\Windows\Views\WinViewModule.cpp">
      <Filter>Source\Windows\Views</Filter>
    </ClCompile>
    <ClCompile Include="..\..\..\Source\Tools\Threading\AutoResetEvent.cpp">
      <Filter>Source\Tools\Threading</Filter>
    </ClCompile>
    <ClCompile Include="..\..\..\Source\Foundation\LogModule.cpp">
      <Filter>Source\Foundation</Filter>
    </ClCompile>
    <ClCompile Include="..\..\..\Source\Foundation\TransformModule.cpp">
      <Filter>Source\Foundation</Filter>
    </ClCompile>
    <ClCompile Include="..\..\..\Source\Foundation\UnitModule.cpp">
      <Filter>Source\Foundation</Filter>
    </ClCompile>
    <ClCompile Include="..\..\..\Source\Tools\Collections\AllocatorBuddyBlock.cpp">
      <Filter>Source\Tools\Collections</Filter>
    </ClCompile>
    <ClCompile Include="..\..\..\Source\Foundation\MemoryModule.cpp">
      <Filter>Source\Foundation</Filter>
    </ClCompile>
    <ClCompile Include="..\..\..\Source\Modules\PipeModule.cpp">
      <Filter>Source\Modules</Filter>
    </ClCompile>
    <ClCompile Include="..\..\..\Source\Windows\Graphics\D12\D12DescriptorHeap.cpp">
      <Filter>Source\Windows\Graphics\D12</Filter>
    </ClCompile>
    <ClCompile Include="..\..\..\Source\Windows\Graphics\D12\D12BufferHeap.cpp">
      <Filter>Source\Windows\Graphics\D12</Filter>
    </ClCompile>
    <ClCompile Include="..\..\..\Source\Tools\Collections\FixedBlockHeap.cpp">
      <Filter>Source\Tools\Collections</Filter>
    </ClCompile>
  </ItemGroup>
  <ItemGroup>
    <ClInclude Include="..\..\..\Source\Modules\ModuleManager.h">
      <Filter>Source\Modules</Filter>
    </ClInclude>
    <ClInclude Include="..\..\..\Source\Modules\Module.h">
      <Filter>Source\Modules</Filter>
    </ClInclude>
    <ClInclude Include="..\..\..\Source\Modules\IModulePlanner.h">
      <Filter>Source\Modules</Filter>
    </ClInclude>
    <ClInclude Include="..\..\..\Source\Modules\StaticModulePlanner.h">
      <Filter>Source\Modules</Filter>
    </ClInclude>
    <ClInclude Include="..\..\..\Source\Modules\IModuleExecuter.h">
      <Filter>Source\Modules</Filter>
    </ClInclude>
    <ClInclude Include="..\..\..\Source\Modules\ConcurrentModuleExecuter.h">
      <Filter>Source\Modules</Filter>
    </ClInclude>
    <ClInclude Include="..\..\..\Source\Modules\CmdModule.h">
      <Filter>Source\Modules</Filter>
    </ClInclude>
    <ClInclude Include="..\..\..\Source\Graphics\VertexLayout.h">
      <Filter>Source\Graphics</Filter>
    </ClInclude>
    <ClInclude Include="..\..\..\Source\Rendering\MeshModule.h">
      <Filter>Source\Rendering</Filter>
    </ClInclude>
    <ClInclude Include="..\..\..\Source\Rendering\SurfaceModule.h">
      <Filter>Source\Rendering</Filter>
    </ClInclude>
    <ClInclude Include="..\..\..\Source\Rendering\ImageModule.h">
      <Filter>Source\Rendering</Filter>
    </ClInclude>
    <ClInclude Include="..\..\..\Source\Rendering\ShaderModule.h">
      <Filter>Source\Rendering</Filter>
    </ClInclude>
    <ClInclude Include="..\..\..\Source\Graphics\IRenderPass.h">
      <Filter>Source\Graphics</Filter>
    </ClInclude>
    <ClInclude Include="..\..\..\Source\Graphics\ITexture.h">
      <Filter>Source\Graphics</Filter>
    </ClInclude>
    <ClInclude Include="..\..\..\Source\Graphics\Shader.h">
      <Filter>Source\Graphics</Filter>
    </ClInclude>
    <ClInclude Include="..\..\..\Source\Graphics\IBuffer.h">
      <Filter>Source\Graphics</Filter>
    </ClInclude>
    <ClInclude Include="..\..\..\Source\Graphics\IGraphicsModule.h">
      <Filter>Source\Graphics</Filter>
    </ClInclude>
    <ClInclude Include="..\..\..\Source\Modules\CmdModuleHelper.h">
      <Filter>Source\Modules</Filter>
    </ClInclude>
    <ClInclude Include="..\..\..\Source\Rendering\UnlitRenderingLoop\UnlitRenderingLoopModule.h">
      <Filter>Source\Rendering\UnlitRenderingLoop</Filter>
    </ClInclude>
    <ClInclude Include="..\..\..\Source\Rendering\RenderingLoopModule.h">
      <Filter>Source\Rendering</Filter>
    </ClInclude>
    <ClInclude Include="..\..\..\Source\Rendering\MeshRendererModule.h">
      <Filter>Source\Rendering</Filter>
    </ClInclude>
    <ClInclude Include="..\..\..\Source\Rendering\StorageModule.h">
      <Filter>Source\Rendering</Filter>
    </ClInclude>
    <ClInclude Include="..\..\..\Source\Rendering\CameraModule.h">
      <Filter>Source\Rendering</Filter>
    </ClInclude>
    <ClInclude Include="..\..\..\Source\Rendering\MaterialModule.h">
      <Filter>Source\Rendering</Filter>
    </ClInclude>
    <ClInclude Include="..\..\..\Source\Views\IViewModule.h">
      <Filter>Source\Views</Filter>
    </ClInclude>
    <ClInclude Include="..\..\..\Source\Graphics\ISwapChain.h">
      <Filter>Source\Graphics</Filter>
    </ClInclude>
    <ClInclude Include="..\..\..\Source\Modules\CmdBufferPoolModule.h">
      <Filter>Source\Modules</Filter>
    </ClInclude>
    <ClInclude Include="..\..\..\Source\Rendering\SamplerModule.h">
      <Filter>Source\Rendering</Filter>
    </ClInclude>
    <ClInclude Include="..\..\..\Source\Foundation\TimeModule.h">
      <Filter>Source\Foundation</Filter>
    </ClInclude>
    <ClInclude Include="..\..\..\Source\Windows\Graphics\D12\D12CmdAllocatorPool.h">
      <Filter>Source\Windows\Graphics\D12</Filter>
    </ClInclude>
    <ClInclude Include="..\..\..\Source\Windows\Graphics\D12\D12CmdQueue.h">
      <Filter>Source\Windows\Graphics\D12</Filter>
    </ClInclude>
    <ClInclude Include="..\..\..\Source\Windows\Graphics\D12\D12Common.h">
      <Filter>Source\Windows\Graphics\D12</Filter>
    </ClInclude>
    <ClInclude Include="..\..\..\Source\Windows\Graphics\D12\D12GraphicsExecuterModule.h">
      <Filter>Source\Windows\Graphics\D12</Filter>
    </ClInclude>
    <ClInclude Include="..\..\..\Source\Windows\Graphics\D12\D12GraphicsModule.h">
      <Filter>Source\Windows\Graphics\D12</Filter>
    </ClInclude>
    <ClInclude Include="..\..\..\Source\Windows\Graphics\D12\D12GraphicsPlannerModule.h">
      <Filter>Source\Windows\Graphics\D12</Filter>
    </ClInclude>
    <ClInclude Include="..\..\..\Source\Windows\Views\WinViewModule.h">
      <Filter>Source\Windows\Views</Filter>
    </ClInclude>
    <ClInclude Include="..\..\..\Source\Tools\Console.h">
      <Filter>Source\Tools</Filter>
    </ClInclude>
    <ClInclude Include="..\..\..\Source\Tools\StopWatch.h">
      <Filter>Source\Tools</Filter>
    </ClInclude>
    <ClInclude Include="..\..\..\Source\Tools\String.h">
      <Filter>Source\Tools</Filter>
    </ClInclude>
    <ClInclude Include="..\..\..\Source\Tools\Testing.h">
      <Filter>Source\Tools</Filter>
    </ClInclude>
    <ClInclude Include="..\..\..\Source\Tools\Threading\AutoResetEvent.h">
      <Filter>Source\Tools\Threading</Filter>
    </ClInclude>
    <ClInclude Include="..\..\..\Source\Tools\Math\Color.h">
      <Filter>Source\Tools\Math</Filter>
    </ClInclude>
    <ClInclude Include="..\..\..\Source\Tools\Math\Math.h">
      <Filter>Source\Tools\Math</Filter>
    </ClInclude>
    <ClInclude Include="..\..\..\Source\Tools\Math\Matrix.h">
      <Filter>Source\Tools\Math</Filter>
    </ClInclude>
    <ClInclude Include="..\..\..\Source\Tools\Math\Quaternion.h">
      <Filter>Source\Tools\Math</Filter>
    </ClInclude>
    <ClInclude Include="..\..\..\Source\Tools\Math\Rect.h">
      <Filter>Source\Tools\Math</Filter>
    </ClInclude>
    <ClInclude Include="..\..\..\Source\Tools\Math\Vector.h">
      <Filter>Source\Tools\Math</Filter>
    </ClInclude>
    <ClInclude Include="..\..\..\Source\Tools\Collections\List.h">
      <Filter>Source\Tools\Collections</Filter>
    </ClInclude>
    <ClInclude Include="..\..\..\Source\Foundation\LogModule.h">
      <Filter>Source\Foundation</Filter>
    </ClInclude>
    <ClInclude Include="..\..\..\Source\Foundation\TransformModule.h">
      <Filter>Source\Foundation</Filter>
    </ClInclude>
    <ClInclude Include="..\..\..\Source\Foundation\UnitModule.h">
      <Filter>Source\Foundation</Filter>
    </ClInclude>
    <ClInclude Include="..\..\..\Source\Tools\Common.h">
      <Filter>Source\Tools</Filter>
    </ClInclude>
    <ClInclude Include="..\..\..\Source\Windows\Common.h">
      <Filter>Source\Windows</Filter>
    </ClInclude>
    <ClInclude Include="..\..\..\Source\Tools\Collections\AllocatorBuddyBlock.h">
      <Filter>Source\Tools\Collections</Filter>
    </ClInclude>
    <ClInclude Include="..\..\..\Source\Foundation\MemoryModule.h">
      <Filter>Source\Foundation</Filter>
    </ClInclude>
    <ClInclude Include="..\..\..\Source\Modules\PipeModule.h">
      <Filter>Source\Modules</Filter>
    </ClInclude>
    <ClInclude Include="..\..\..\Source\Windows\Graphics\D12\D12DescriptorHeap.h">
      <Filter>Source\Windows\Graphics\D12</Filter>
    </ClInclude>
    <ClInclude Include="..\..\..\Source\Windows\Graphics\D12\D12BufferHeap.h">
      <Filter>Source\Windows\Graphics\D12</Filter>
    </ClInclude>
    <ClInclude Include="..\..\..\Source\Tools\IO\MemoryStream.h">
      <Filter>Source\Tools\IO</Filter>
    </ClInclude>
    <ClInclude Include="..\..\..\Source\Tools\Collections\FixedBlockHeap.h">
      <Filter>Source\Tools\Collections</Filter>
    </ClInclude>
    <ClInclude Include="..\..\..\Source\Tools\Collections\IHeap.h">
      <Filter>Source\Tools\Collections</Filter>
    </ClInclude>
  </ItemGroup>
</Project>