
Microsoft Visual Studio Solution File, Format Version 12.00
# Visual Studio 14
VisualStudioVersion = 14.0.25420.1
MinimumVisualStudioVersion = 10.0.40219.1
Project("{8BC9CEB8-8B4A-11D0-8D11-00A0C91BC942}") = "com.4nvil.windowseditor", "com.4nvil.windowseditor.vcxproj", "{0BE41D22-3E35-4D35-A139-5A7A4DB0FD13}"
	ProjectSection(ProjectDependencies) = postProject
		{0CE5A492-A334-4148-9A17-757E1D8F17C9} = {0CE5A492-A334-4148-9A17-757E1D8F17C9}
	EndProjectSection
EndProject
Project("{8BC9CEB8-8B4A-11D0-8D11-00A0C91BC942}") = "com.4nvil.core", "..\..\..\..\com.4nvil.core\Projects\VisualStudio\com.4nvil.core\com.4nvil.core.vcxproj", "{0CE5A492-A334-4148-9A17-757E1D8F17C9}"
EndProject
Global
	GlobalSection(SolutionConfigurationPlatforms) = preSolution
		Debug|x64 = Debug|x64
		Release|x64 = Release|x64
	EndGlobalSection
	GlobalSection(ProjectConfigurationPlatforms) = postSolution
		{0BE41D22-3E35-4D35-A139-5A7A4DB0FD13}.Debug|x64.ActiveCfg = Debug|x64
		{0BE41D22-3E35-4D35-A139-5A7A4DB0FD13}.Debug|x64.Build.0 = Debug|x64
		{0BE41D22-3E35-4D35-A139-5A7A4DB0FD13}.Release|x64.ActiveCfg = Release|x64
		{0BE41D22-3E35-4D35-A139-5A7A4DB0FD13}.Release|x64.Build.0 = Release|x64
		{0CE5A492-A334-4148-9A17-757E1D8F17C9}.Debug|x64.ActiveCfg = Debug|x64
		{0CE5A492-A334-4148-9A17-757E1D8F17C9}.Debug|x64.Build.0 = Debug|x64
		{0CE5A492-A334-4148-9A17-757E1D8F17C9}.Release|x64.ActiveCfg = Release|x64
		{0CE5A492-A334-4148-9A17-757E1D8F17C9}.Release|x64.Build.0 = Release|x64
	EndGlobalSection
	GlobalSection(SolutionProperties) = preSolution
		HideSolutionNode = FALSE
	EndGlobalSection
EndGlobal
